version = 1
revision = 2
requires-python = ">=3.12"

[[package]]
name = "asgiref"
version = "3.12.1"
source = { registry = "https://pypi.org/simple" }
sdist = { url = "https://files.pythonhosted.org/packages/e6/26/3b59f2bdae5f640389becb1f673cded775287f5fc4f816309d9ca9a3f93d/asgiref-3.12.1.tar.gz", hash = "sha256:59dcb51c272ad209d59bed5708a64a333083e86017d7fcdd67498eeab7784340", size = 42378, upload-time = "2026-07-14T09:56:18.087Z" }
wheels = [
    { url = "https://files.pythonhosted.org/packages/c0/1b/54f4ad77cd8a584fa70746c47df988e002cf1ee1eba43364d46f87803647/asgiref-3.12.1-py3-none-any.whl", hash = "sha256:fe386d1c2bff7259ea95929266d12a8cf9a8b5a1c2598402967d8792e7a7c094", size = 25478, upload-time = "2026-07-14T09:56:16.926Z" },
]

[[package]]
name = "diff-match-patch"
version = "20241021"
source = { registry = "https://pypi.org/simple" }
sdist = { url = "https://files.pythonhosted.org/packages/0e/ad/32e1777dd57d8e85fa31e3a243af66c538245b8d64b7265bec9a61f2ca33/diff_match_patch-20241021.tar.gz", hash = "sha256:beae57a99fa48084532935ee2968b8661db861862ec82c6f21f4acdd6d835073", size = 39962, upload-time = "2024-10-21T19:41:21.094Z" }
wheels = [
    { url = "https://files.pythonhosted.org/packages/f7/bb/2aa9b46a01197398b901e458974c20ed107935c26e44e37ad5b0e5511e44/diff_match_patch-20241021-py3-none-any.whl", hash = "sha256:93cea333fb8b2bc0d181b0de5e16df50dd344ce64828226bda07728818936782", size = 43252, upload-time = "2024-10-21T19:41:19.914Z" },
]

[[package]]
name = "django"
version = "6.1.1"
source = { registry = "https://pypi.org/simple" }
dependencies = [
    { name = "asgiref" },
    { name = "sqlparse" },
    { name = "tzdata", marker = "sys_platform == 'win32'" },
]
sdist = { url = "https://files.pythonhosted.org/packages/f8/d4/8314b5bdef20832f0ac6ae3b3e4d4924e4759fa3b4af27609dd747e7a6be/django-6.1.1.tar.gz", hash = "sha256:7ab93536d8e677aa14554c56426290c69480bf2ee68d7513d4a22f57d6bfeb84", size = 11284905, upload-time = "2026-09-02T17:20:45.621Z" }
wheels = [
    { url = "https://files.pythonhosted.org/packages/8d/ca/c1040a4fd15754ede7df15fd72fc2e123045b473b253ab5f5284e11c651e/django-6.1.1-py3-none-any.whl", hash = "sha256:585fb82bf15053c42cf52e67c2f1b54a032dca384759315fd6678ab1870d1d72", size = 8419512, upload-time = "2026-09-02T17:20:39.153Z" },
]

[[package]]
name = "django-debug-toolbar"
version = "8.0.0"
source = { registry = "https://pypi.org/simple" }
dependencies = [
    { name = "django" },
    { name = "sqlparse" },
]
sdist = { url = "https://files.pythonhosted.org/packages/4f/3d/aa093a841f32837311538e7952f5548b1a9c605a5aba5395163fbc54ac59/django_debug_toolbar-8.0.0.tar.gz", hash = "sha256:cae32d3e441e608f39f3f1ca6b3f028c38d5d04d74c98d8ab96d46022dee3163", size = 1239141, upload-time = "2026-09-01T18:27:56.934Z" }
wheels = [
    { url = "https://files.pythonhosted.org/packages/22/bd/ffd3f171940c58cca7971d1e5b81d6ab67b85a9569fe9d9fe13f7fbd1c99/django_debug_toolbar-8.0.0-py3-none-any.whl", hash = "sha256:329dfd6e1c26d9b4501a5cc69294c8bb734206ccb1bd36e96afc4d14128b630a", size = 437877, upload-time = "2026-09-01T18:27:55.018Z" },
]

[[package]]
name = "django-import-export"
version = "4.4.1"
source = { registry = "https://pypi.org/simple" }
dependencies = [
    { name = "diff-match-patch" },
    { name = "django" },
    { name = "tablib" },
]
sdist = { url = "https://files.pythonhosted.org/packages/92/32/5b83cc46a70ac94c1d17144097bf8aee7d9bb401d0863652c8d5ce1d2e50/django_import_export-4.4.1.tar.gz", hash = "sha256:165dc7fdcd56a6356342eef3f88f3f3682b64b6f67e9a259a137e8b57aeff10c", size = 2238690, upload-time = "2026-05-05T12:42:44.295Z" }
wheels = [
    { url = "https://files.pythonhosted.org/packages/91/d1/110aeb2acffea56d4222861b5678c2643f0bda00081e40d687077348bb7c/django_import_export-4.4.1-py3-none-any.whl", hash = "sha256:8be2782e505ae303ccb02070a1b4c528995922126fca9ee449eb28666835dd4b", size = 157691, upload-time = "2026-05-05T12:42:42.554Z" },
]

[[package]]
name = "library-management-system"
version = "0.1.0"
source = { virtual = "." }
dependencies = [
    { name = "django" },
    { name = "django-debug-toolbar" },
    { name = "django-import-export" },
]

[package.metadata]
requires-dist = [
    { name = "django", specifier = ">=6.1.1" },
    { name = "django-debug-toolbar", specifier = ">=8.0.0" },
    { name = "django-import-export", specifier = ">=4.4.1" },
]

[[package]]
name = "sqlparse"
version = "0.6.0"
source = { registry = "https://pypi.org/simple" }
sdist = { url = "https://files.pythonhosted.org/packages/5f/d3/3f06a1006f2261d1342aefb3c71eed02f5d4ca5bdbecd86ebc12ad38306e/sqlparse-0.6.0.tar.gz", hash = "sha256:113c35c75365ab9cc9c7231d68c6428fb11c085fc8e9eb1ad659b7ddbf6cd2b9", size = 178477, upload-time = "2026-08-13T19:16:06.396Z" }
wheels = [
    { url = "https://files.pythonhosted.org/packages/d9/50/f00935da0ec7cbf325f8dc4f772ae46fbc7b672dd62876e73f0a94adda57/sqlparse-0.6.0-py3-none-any.whl", hash = "sha256:b861c0288ce2fa56209a9a6412d2e066ac664b3873b89c26c9d8415e8e32996f", size = 50070, upload-time = "2026-08-13T19:16:04.062Z" },
]

[[package]]
name = "tablib"
version = "3.10.0"
source = { registry = "https://pypi.org/simple" }
sdist = { url = "https://files.pythonhosted.org/packages/96/b9/59d9c8b9c34642e7a718e8a1a7a91af3eb9b48f79bac794263702d41519c/tablib-3.10.0.tar.gz", hash = "sha256:781cfa9a42de8f33c52aff857fd0a04e483de4fd1c53eaaa9a6aeac62bad11de", size = 127128, upload-time = "2026-07-31T17:30:15.577Z" }
wheels = [
    { url = "https://files.pythonhosted.org/packages/fc/0f/3ae17545ff976687f679ed3a101df7017135ee04769e858a4ccea0cc3f3e/tablib-3.10.0-py3-none-any.whl", hash = "sha256:5721bf3a52d491f8f843628a3a3200db164f6ad9e92fb6eaa64dc3f945f30ad9", size = 50170, upload-time = "2026-07-31T17:30:04.925Z" },
]

[[package]]
name = "tzdata"
version = "2026.4"
source = { registry = "https://pypi.org/simple" }
sdist = { url = "https://files.pythonhosted.org/packages/e4/31/3d74fa778a63b98b7374323befcc0be5ab3bd94afd4096a0124e7379152c/tzdata-2026.4.tar.gz", hash = "sha256:f1b8bd365d8d210c55353f4d7f8d6d8561c0ba50d704b700d195a9424bba0d79", size = 199350, upload-time = "2026-09-12T12:56:03.251Z" }
wheels = [
    { url = "https://files.pythonhosted.org/packages/f9/bc/8737e8d54cf51106118039b83f485a4783112fab49ea9d044b234978a46e/tzdata-2026.4-py2.py3-none-any.whl", hash = "sha256:c2169a8b0a7a5e9674da5a135ccdfb2b3e671b333ed9fed17b41f73c34476e81", size = 347494, upload-time = "2026-09-12T12:56:01.67Z" },
]
